// !$*UTF8*$!
{
	archiveVersion = 1;
	classes = {
	};
	objectVersion = 56;
	objects = {

/* Begin PBXBuildFile section */
		4849774C2D1AF2FF00D944B3 /* LessNoteApp.swift in Sources */ = {isa = PBXBuildFile; fileRef = 4849774B2D1AF2FF00D944B3 /* LessNoteApp.swift */; };
		484977502D1AF30000D944B3 /* Assets.xcassets in Resources */ = {isa = PBXBuildFile; fileRef = 4849774F2D1AF30000D944B3 /* Assets.xcassets */; };
		484977532D1AF30000D944B3 /* Preview Assets.xcassets in Resources */ = {isa = PBXBuildFile; fileRef = 484977522D1AF30000D944B3 /* Preview Assets.xcassets */; };
		486CB5FE2D4DAA6C0012CB80 /* ClozeItem.swift in Sources */ = {isa = PBXBuildFile; fileRef = 486CB5F32D4DAA6C0012CB80 /* ClozeItem.swift */; };
		486CB5FF2D4DAA6C0012CB80 /* ImportedFile.swift in Sources */ = {isa = PBXBuildFile; fileRef = 486CB5F42D4DAA6C0012CB80 /* ImportedFile.swift */; };
		486CB6002D4DAA6C0012CB80 /* KnowledgeGroup.swift in Sources */ = {isa = PBXBuildFile; fileRef = 486CB5F52D4DAA6C0012CB80 /* KnowledgeGroup.swift */; };
		486CB6012D4DAA6C0012CB80 /* KnowledgeManager.swift in Sources */ = {isa = PBXBuildFile; fileRef = 486CB5F62D4DAA6C0012CB80 /* KnowledgeManager.swift */; };
		486CB6022D4DAA6C0012CB80 /* ClozeItemsSidebar.swift in Sources */ = {isa = PBXBuildFile; fileRef = 486CB5F82D4DAA6C0012CB80 /* ClozeItemsSidebar.swift */; };
		486CB6032D4DAA6C0012CB80 /* CourseSidebarView.swift in Sources */ = {isa = PBXBuildFile; fileRef = 486CB5F92D4DAA6C0012CB80 /* CourseSidebarView.swift */; };
		486CB6042D4DAA6C0012CB80 /* ThreeColumnView.swift in Sources */ = {isa = PBXBuildFile; fileRef = 486CB5FA2D4DAA6C0012CB80 /* ThreeColumnView.swift */; };
		486CB6052D4DAA6C0012CB80 /* TopicDetailView.swift in Sources */ = {isa = PBXBuildFile; fileRef = 486CB5FB2D4DAA6C0012CB80 /* TopicDetailView.swift */; };
/* End PBXBuildFile section */

/* Begin PBXFileReference section */
		484977482D1AF2FF00D944B3 /* LessNote.app */ = {isa = PBXFileReference; explicitFileType = wrapper.application; includeInIndex = 0; path = LessNote.app; sourceTree = BUILT_PRODUCTS_DIR; };
		4849774B2D1AF2FF00D944B3 /* LessNoteApp.swift */ = {isa = PBXFileReference; lastKnownFileType = sourcecode.swift; path = LessNoteApp.swift; sourceTree = "<group>"; };
		4849774F2D1AF30000D944B3 /* Assets.xcassets */ = {isa = PBXFileReference; lastKnownFileType = folder.assetcatalog; path = Assets.xcassets; sourceTree = "<group>"; };
		484977522D1AF30000D944B3 /* Preview Assets.xcassets */ = {isa = PBXFileReference; lastKnownFileType = folder.assetcatalog; path = "Preview Assets.xcassets"; sourceTree = "<group>"; };
		484977542D1AF30000D944B3 /* LessNote.entitlements */ = {isa = PBXFileReference; lastKnownFileType = text.plist.entitlements; path = LessNote.entitlements; sourceTree = "<group>"; };
		486CB5F32D4DAA6C0012CB80 /* ClozeItem.swift */ = {isa = PBXFileReference; fileEncoding = 4; lastKnownFileType = sourcecode.swift; path = ClozeItem.swift; sourceTree = "<group>"; };
		486CB5F42D4DAA6C0012CB80 /* ImportedFile.swift */ = {isa = PBXFileReference; fileEncoding = 4; lastKnownFileType = sourcecode.swift; path = ImportedFile.swift; sourceTree = "<group>"; };
		486CB5F52D4DAA6C0012CB80 /* KnowledgeGroup.swift */ = {isa = PBXFileReference; fileEncoding = 4; lastKnownFileType = sourcecode.swift; path = KnowledgeGroup.swift; sourceTree = "<group>"; };
		486CB5F62D4DAA6C0012CB80 /* KnowledgeManager.swift */ = {isa = PBXFileReference; fileEncoding = 4; lastKnownFileType = sourcecode.swift; path = KnowledgeManager.swift; sourceTree = "<group>"; };
		486CB5F82D4DAA6C0012CB80 /* ClozeItemsSidebar.swift */ = {isa = PBXFileReference; fileEncoding = 4; lastKnownFileType = sourcecode.swift; path = ClozeItemsSidebar.swift; sourceTree = "<group>"; };
		486CB5F92D4DAA6C0012CB80 /* CourseSidebarView.swift */ = {isa = PBXFileReference; fileEncoding = 4; lastKnownFileType = sourcecode.swift; path = CourseSidebarView.swift; sourceTree = "<group>"; };
		486CB5FA2D4DAA6C0012CB80 /* ThreeColumnView.swift */ = {isa = PBXFileReference; fileEncoding = 4; lastKnownFileType = sourcecode.swift; path = ThreeColumnView.swift; sourceTree = "<group>"; };
		486CB5FB2D4DAA6C0012CB80 /* TopicDetailView.swift */ = {isa = PBXFileReference; fileEncoding = 4; lastKnownFileType = sourcecode.swift; path = TopicDetailView.swift; sourceTree = "<group>"; };
/* End PBXFileReference section */

/* Begin PBXFrameworksBuildPhase section */
		484977452D1AF2FF00D944B3 /* Frameworks */ = {
			isa = PBXFrameworksBuildPhase;
			buildActionMask = 2147483647;
			files = (
			);
			runOnlyForDeploymentPostprocessing = 0;
		};
/* End PBXFrameworksBuildPhase section */

/* Begin PBXGroup section */
		4849773F2D1AF2FF00D944B3 = {
			isa = PBXGroup;
			children = (
				4849774A2D1AF2FF00D944B3 /* LessNote */,
				484977492D1AF2FF00D944B3 /* Products */,
			);
			sourceTree = "<group>";
		};
		484977492D1AF2FF00D944B3 /* Products */ = {
			isa = PBXGroup;
			children = (
				484977482D1AF2FF00D944B3 /* LessNote.app */,
			);
			name = Products;
			sourceTree = "<group>";
		};
		4849774A2D1AF2FF00D944B3 /* LessNote */ = {
			isa = PBXGroup;
			children = (
				4849774B2D1AF2FF00D944B3 /* LessNoteApp.swift */,
				486CB5FD2D4DAA6C0012CB80 /* LessNote */,
				4849774F2D1AF30000D944B3 /* Assets.xcassets */,
				484977542D1AF30000D944B3 /* LessNote.entitlements */,
				484977512D1AF30000D944B3 /* Preview Content */,
			);
			path = LessNote;
			sourceTree = "<group>";
		};
		484977512D1AF30000D944B3 /* Preview Content */ = {
			isa = PBXGroup;
			children = (
				484977522D1AF30000D944B3 /* Preview Assets.xcassets */,
			);
			path = "Preview Content";
			sourceTree = "<group>";
		};
		486CB5F72D4DAA6C0012CB80 /* Models */ = {
			isa = PBXGroup;
			children = (
				486CB5F32D4DAA6C0012CB80 /* ClozeItem.swift */,
				486CB5F42D4DAA6C0012CB80 /* ImportedFile.swift */,
				486CB5F52D4DAA6C0012CB80 /* KnowledgeGroup.swift */,
				486CB5F62D4DAA6C0012CB80 /* KnowledgeManager.swift */,
			);
			path = Models;
			sourceTree = "<group>";
		};
		486CB5FC2D4DAA6C0012CB80 /* Views */ = {
			isa = PBXGroup;
			children = (
				486CB5F82D4DAA6C0012CB80 /* ClozeItemsSidebar.swift */,
				486CB5F92D4DAA6C0012CB80 /* CourseSidebarView.swift */,
				486CB5FA2D4DAA6C0012CB80 /* ThreeColumnView.swift */,
				486CB5FB2D4DAA6C0012CB80 /* TopicDetailView.swift */,
			);
			path = Views;
			sourceTree = "<group>";
		};
		486CB5FD2D4DAA6C0012CB80 /* LessNote */ = {
			isa = PBXGroup;
			children = (
				486CB5F72D4DAA6C0012CB80 /* Models */,
				486CB5FC2D4DAA6C0012CB80 /* Views */,
			);
			path = LessNote;
			sourceTree = "<group>";
		};
/* End PBXGroup section */

/* Begin PBXNativeTarget section */
		484977472D1AF2FF00D944B3 /* LessNote */ = {
			isa = PBXNativeTarget;
			buildConfigurationList = 484977572D1AF30000D944B3 /* Build configuration list for PBXNativeTarget "LessNote" */;
			buildPhases = (
				484977442D1AF2FF00D944B3 /* Sources */,
				484977452D1AF2FF00D944B3 /* Frameworks */,
				484977462D1AF2FF00D944B3 /* Resources */,
			);
			buildRules = (
			);
			dependencies = (
			);
			name = LessNote;
			productName = LessNote;
			productReference = 484977482D1AF2FF00D944B3 /* LessNote.app */;
			productType = "com.apple.product-type.application";
		};
/* End PBXNativeTarget section */

/* Begin PBXProject section */
		484977402D1AF2FF00D944B3 /* Project object */ = {
			isa = PBXProject;
			attributes = {
				BuildIndependentTargetsInParallel = 1;
				LastSwiftUpdateCheck = 1540;
				LastUpgradeCheck = 1540;
				TargetAttributes = {
					484977472D1AF2FF00D944B3 = {
						CreatedOnToolsVersion = 15.4;
					};
				};
			};
			buildConfigurationList = 484977432D1AF2FF00D944B3 /* Build configuration list for PBXProject "LessNote" */;
			compatibilityVersion = "Xcode 14.0";
			developmentRegion = en;
			hasScannedForEncodings = 0;
			knownRegions = (
				en,
				Base,
			);
			mainGroup = 4849773F2D1AF2FF00D944B3;
			productRefGroup = 484977492D1AF2FF00D944B3 /* Products */;
			projectDirPath = "";
			projectRoot = "";
			targets = (
				484977472D1AF2FF00D944B3 /* LessNote */,
			);
		};
/* End PBXProject section */

/* Begin PBXResourcesBuildPhase section */
		484977462D1AF2FF00D944B3 /* Resources */ = {
			isa = PBXResourcesBuildPhase;
			buildActionMask = 2147483647;
			files = (
				484977532D1AF30000D944B3 /* Preview Assets.xcassets in Resources */,
				484977502D1AF30000D944B3 /* Assets.xcassets in Resources */,
			);
			runOnlyForDeploymentPostprocessing = 0;
		};
/* End PBXResourcesBuildPhase section */

/* Begin PBXSourcesBuildPhase section */
		484977442D1AF2FF00D944B3 /* Sources */ = {
			isa = PBXSourcesBuildPhase;
			buildActionMask = 2147483647;
			files = (
				486CB6042D4DAA6C0012CB80 /* ThreeColumnView.swift in Sources */,
				486CB6052D4DAA6C0012CB80 /* TopicDetailView.swift in Sources */,
				486CB5FF2D4DAA6C0012CB80 /* ImportedFile.swift in Sources */,
				486CB6012D4DAA6C0012CB80 /* KnowledgeManager.swift in Sources */,
				486CB5FE2D4DAA6C0012CB80 /* ClozeItem.swift in Sources */,
				486CB6032D4DAA6C0012CB80 /* CourseSidebarView.swift in Sources */,
				486CB6002D4DAA6C0012CB80 /* KnowledgeGroup.swift in Sources */,
				4849774C2D1AF2FF00D944B3 /* LessNoteApp.swift in Sources */,
				486CB6022D4DAA6C0012CB80 /* ClozeItemsSidebar.swift in Sources */,
			);
			runOnlyForDeploymentPostprocessing = 0;
		};
/* End PBXSourcesBuildPhase section */

/* Begin XCBuildConfiguration section */
		484977552D1AF30000D944B3 /* Debug */ = {
			isa = XCBuildConfiguration;
			buildSettings = {
				ALWAYS_SEARCH_USER_PATHS = NO;
				ASSETCATALOG_COMPILER_GENERATE_SWIFT_ASSET_SYMBOL_EXTENSIONS = YES;
				CLANG_ANALYZER_NONNULL = YES;
				CLANG_ANALYZER_NUMBER_OBJECT_CONVERSION = YES_AGGRESSIVE;
				CLANG_CXX_LANGUAGE_STANDARD = "gnu++20";
				CLANG_ENABLE_MODULES = YES;
				CLANG_ENABLE_OBJC_ARC = YES;
				CLANG_ENABLE_OBJC_WEAK = YES;
				CLANG_WARN_BLOCK_CAPTURE_AUTORELEASING = YES;
				CLANG_WARN_BOOL_CONVERSION = YES;
				CLANG_WARN_COMMA = YES;
				CLANG_WARN_CONSTANT_CONVERSION = YES;
				CLANG_WARN_DEPRECATED_OBJC_IMPLEMENTATIONS = YES;
				CLANG_WARN_DIRECT_OBJC_ISA_USAGE = YES_ERROR;
				CLANG_WARN_DOCUMENTATION_COMMENTS = YES;
				CLANG_WARN_EMPTY_BODY = YES;
				CLANG_WARN_ENUM_CONVERSION = YES;
				CLANG_WARN_INFINITE_RECURSION = YES;
				CLANG_WARN_INT_CONVERSION = YES;
				CLANG_WARN_NON_LITERAL_NULL_CONVERSION = YES;
				CLANG_WARN_OBJC_IMPLICIT_RETAIN_SELF = YES;
				CLANG_WARN_OBJC_LITERAL_CONVERSION = YES;
				CLANG_WARN_OBJC_ROOT_CLASS = YES_ERROR;
				CLANG_WARN_QUOTED_INCLUDE_IN_FRAMEWORK_HEADER = YES;
				CLANG_WARN_RANGE_LOOP_ANALYSIS = YES;
				CLANG_WARN_STRICT_PROTOTYPES = YES;
				CLANG_WARN_SUSPICIOUS_MOVE = YES;
				CLANG_WARN_UNGUARDED_AVAILABILITY = YES_AGGRESSIVE;
				CLANG_WARN_UNREACHABLE_CODE = YES;
				CLANG_WARN__DUPLICATE_METHOD_MATCH = YES;
				COPY_PHASE_STRIP = NO;
				DEBUG_INFORMATION_FORMAT = dwarf;
				ENABLE_STRICT_OBJC_MSGSEND = YES;
				ENABLE_TESTABILITY = YES;
				ENABLE_USER_SCRIPT_SANDBOXING = YES;
				GCC_C_LANGUAGE_STANDARD = gnu17;
				GCC_DYNAMIC_NO_PIC = NO;
				GCC_NO_COMMON_BLOCKS = YES;
				GCC_OPTIMIZATION_LEVEL = 0;
				GCC_PREPROCESSOR_DEFINITIONS = (
					"DEBUG=1",
					"$(inherited)",
				);
				GCC_WARN_64_TO_32_BIT_CONVERSION = YES;
				GCC_WARN_ABOUT_RETURN_TYPE = YES_ERROR;
				GCC_WARN_UNDECLARED_SELECTOR = YES;
				GCC_WARN_UNINITIALIZED_AUTOS = YES_AGGRESSIVE;
				GCC_WARN_UNUSED_FUNCTION = YES;
				GCC_WARN_UNUSED_VARIABLE = YES;
				LOCALIZATION_PREFERS_STRING_CATALOGS = YES;
				MACOSX_DEPLOYMENT_TARGET = 14.3;
				MTL_ENABLE_DEBUG_INFO = INCLUDE_SOURCE;
				MTL_FAST_MATH = YES;
				ONLY_ACTIVE_ARCH = YES;
				SDKROOT = macosx;
				SWIFT_ACTIVE_COMPILATION_CONDITIONS = "DEBUG $(inherited)";
				SWIFT_OPTIMIZATION_LEVEL = "-Onone";
			};
			name = Debug;
		};
		484977562D1AF30000D944B3 /* Release */ = {
			isa = XCBuildConfiguration;
			buildSettings = {
				ALWAYS_SEARCH_USER_PATHS = NO;
				ASSETCATALOG_COMPILER_GENERATE_SWIFT_ASSET_SYMBOL_EXTENSIONS = YES;
				CLANG_ANALYZER_NONNULL = YES;
				CLANG_ANALYZER_NUMBER_OBJECT_CONVERSION = YES_AGGRESSIVE;
				CLANG_CXX_LANGUAGE_STANDARD = "gnu++20";
				CLANG_ENABLE_MODULES = YES;
				CLANG_ENABLE_OBJC_ARC = YES;
				CLANG_ENABLE_OBJC_WEAK = YES;
				CLANG_WARN_BLOCK_CAPTURE_AUTORELEASING = YES;
				CLANG_WARN_BOOL_CONVERSION = YES;
				CLANG_WARN_COMMA = YES;
				CLANG_WARN_CONSTANT_CONVERSION = YES;
				CLANG_WARN_DEPRECATED_OBJC_IMPLEMENTATIONS = YES;
				CLANG_WARN_DIRECT_OBJC_ISA_USAGE = YES_ERROR;
				CLANG_WARN_DOCUMENTATION_COMMENTS = YES;
				CLANG_WARN_EMPTY_BODY = YES;
				CLANG_WARN_ENUM_CONVERSION = YES;
				CLANG_WARN_INFINITE_RECURSION = YES;
				CLANG_WARN_INT_CONVERSION = YES;
				CLANG_WARN_NON_LITERAL_NULL_CONVERSION = YES;
				CLANG_WARN_OBJC_IMPLICIT_RETAIN_SELF = YES;
				CLANG_WARN_OBJC_LITERAL_CONVERSION = YES;
				CLANG_WARN_OBJC_ROOT_CLASS = YES_ERROR;
				CLANG_WARN_QUOTED_INCLUDE_IN_FRAMEWORK_HEADER = YES;
				CLANG_WARN_RANGE_LOOP_ANALYSIS = YES;
				CLANG_WARN_STRICT_PROTOTYPES = YES;
				CLANG_WARN_SUSPICIOUS_MOVE = YES;
				CLANG_WARN_UNGUARDED_AVAILABILITY = YES_AGGRESSIVE;
				CLANG_WARN_UNREACHABLE_CODE = YES;
				CLANG_WARN__DUPLICATE_METHOD_MATCH = YES;
				COPY_PHASE_STRIP = NO;
				DEBUG_INFORMATION_FORMAT = "dwarf-with-dsym";
				ENABLE_NS_ASSERTIONS = NO;
				ENABLE_STRICT_OBJC_MSGSEND = YES;
				ENABLE_USER_SCRIPT_SANDBOXING = YES;
				GCC_C_LANGUAGE_STANDARD = gnu17;
				GCC_NO_COMMON_BLOCKS = YES;
				GCC_WARN_64_TO_32_BIT_CONVERSION = YES;
				GCC_WARN_ABOUT_RETURN_TYPE = YES_ERROR;
				GCC_WARN_UNDECLARED_SELECTOR = YES;
				GCC_WARN_UNINITIALIZED_AUTOS = YES_AGGRESSIVE;
				GCC_WARN_UNUSED_FUNCTION = YES;
				GCC_WARN_UNUSED_VARIABLE = YES;
				LOCALIZATION_PREFERS_STRING_CATALOGS = YES;
				MACOSX_DEPLOYMENT_TARGET = 14.3;
				MTL_ENABLE_DEBUG_INFO = NO;
				MTL_FAST_MATH = YES;
				SDKROOT = macosx;
				SWIFT_COMPILATION_MODE = wholemodule;
			};
			name = Release;
		};
		484977582D1AF30000D944B3 /* Debug */ = {
			isa = XCBuildConfiguration;
			buildSettings = {
				ASSETCATALOG_COMPILER_APPICON_NAME = AppIcon;
				ASSETCATALOG_COMPILER_GLOBAL_ACCENT_COLOR_NAME = AccentColor;
				CODE_SIGN_ENTITLEMENTS = LessNote/LessNote.entitlements;
				CODE_SIGN_STYLE = Automatic;
				COMBINE_HIDPI_IMAGES = YES;
				CURRENT_PROJECT_VERSION = 1;
				DEVELOPMENT_ASSET_PATHS = "\"LessNote/Preview Content\"";
				ENABLE_PREVIEWS = YES;
				GENERATE_INFOPLIST_FILE = YES;
				INFOPLIST_KEY_NSHumanReadableCopyright = "";
				LD_RUNPATH_SEARCH_PATHS = (
					"$(inherited)",
					"@executable_path/../Frameworks",
				);
				MARKETING_VERSION = 1.0;
				PRODUCT_BUNDLE_IDENTIFIER = danhussey.LessNote;
				PRODUCT_NAME = "$(TARGET_NAME)";
				SWIFT_EMIT_LOC_STRINGS = YES;
				SWIFT_VERSION = 5.0;
			};
			name = Debug;
		};
		484977592D1AF30000D944B3 /* Release */ = {
			isa = XCBuildConfiguration;
			buildSettings = {
				ASSETCATALOG_COMPILER_APPICON_NAME = AppIcon;
				ASSETCATALOG_COMPILER_GLOBAL_ACCENT_COLOR_NAME = AccentColor;
				CODE_SIGN_ENTITLEMENTS = LessNote/LessNote.entitlements;
				CODE_SIGN_STYLE = Automatic;
				COMBINE_HIDPI_IMAGES = YES;
				CURRENT_PROJECT_VERSION = 1;
				DEVELOPMENT_ASSET_PATHS = "\"LessNote/Preview Content\"";
				ENABLE_PREVIEWS = YES;
				GENERATE_INFOPLIST_FILE = YES;
				INFOPLIST_KEY_NSHumanReadableCopyright = "";
				LD_RUNPATH_SEARCH_PATHS = (
					"$(inherited)",
					"@executable_path/../Frameworks",
				);
				MARKETING_VERSION = 1.0;
				PRODUCT_BUNDLE_IDENTIFIER = danhussey.LessNote;
				PRODUCT_NAME = "$(TARGET_NAME)";
				SWIFT_EMIT_LOC_STRINGS = YES;
				SWIFT_VERSION = 5.0;
			};
			name = Release;
		};
/* End XCBuildConfiguration section */

/* Begin XCConfigurationList section */
		484977432D1AF2FF00D944B3 /* Build configuration list for PBXProject "LessNote" */ = {
			isa = XCConfigurationList;
			buildConfigurations = (
				484977552D1AF30000D944B3 /* Debug */,
				484977562D1AF30000D944B3 /* Release */,
			);
			defaultConfigurationIsVisible = 0;
			defaultConfigurationName = Release;
		};
		484977572D1AF30000D944B3 /* Build configuration list for PBXNativeTarget "LessNote" */ = {
			isa = XCConfigurationList;
			buildConfigurations = (
				484977582D1AF30000D944B3 /* Debug */,
				484977592D1AF30000D944B3 /* Release */,
			);
			defaultConfigurationIsVisible = 0;
			defaultConfigurationName = Release;
		};
/* End XCConfigurationList section */
	};
	rootObject = 484977402D1AF2FF00D944B3 /* Project object */;
}
